
Microsoft Visual Studio Solution File, Format Version 12.00
# Visual Studio 15
VisualStudioVersion = 15.0.28307.102
MinimumVisualStudioVersion = 10.0.40219.1
Project("{FAE04EC0-301F-11D3-BF4B-00C04F79EFBC}") = "InternProject", "InternProject\InternProject.csproj", "{F67C0632-3F80-4C8D-B698-ED3FC66CBBC4}"
EndProject
Global
	GlobalSection(SolutionConfigurationPlatforms) = preSolution
		Debug|Any CPU = Debug|Any CPU
		Release|Any CPU = Release|Any CPU
	EndGlobalSection
	GlobalSection(ProjectConfigurationPlatforms) = postSolution
		{F67C0632-3F80-4C8D-B698-ED3FC66CBBC4}.Debug|Any CPU.ActiveCfg = Debug|Any CPU
		{F67C0632-3F80-4C8D-B698-ED3FC66CBBC4}.Debug|Any CPU.Build.0 = Debug|Any CPU
		{F67C0632-3F80-4C8D-B698-ED3FC66CBBC4}.Release|Any CPU.ActiveCfg = Release|Any CPU
		{F67C0632-3F80-4C8D-B698-ED3FC66CBBC4}.Release|Any CPU.Build.0 = Release|Any CPU
	EndGlobalSection
	GlobalSection(SolutionProperties) = preSolution
		HideSolutionNode = FALSE
	EndGlobalSection
	GlobalSection(ExtensibilityGlobals) = postSolution
		SolutionGuid = {12C11A9B-028D-42B2-B470-7B3DA8B759A1}
	EndGlobalSection
EndGlobal
